
Microsoft Visual Studio Solution File, Format Version 12.00
# Visual Studio Version 16
VisualStudioVersion = 16.0.30717.126
MinimumVisualStudioVersion = 10.0.40219.1
Project("{FAE04EC0-301F-11D3-BF4B-00C04F79EFBC}") = "NonInvasiveKeyboardHookLibrary", "NonInvasiveKeyboardHookLibrary\NonInvasiveKeyboardHookLibrary.csproj", "{0DF3EABA-2C33-4E77-B2DB-B6D23146EDAB}"
EndProject
Project("{9A19103F-16F7-4668-BE54-9A1E7A4F7556}") = "NonInvasiveKeyboardHookLibrary.Core", "NonInvasiveKeyboardHookLibrary\NonInvasiveKeyboardHookLibrary.Core.csproj", "{297F0377-E0B0-48D7-83EE-C76E06BBA860}"
EndProject
Global
	GlobalSection(SolutionConfigurationPlatforms) = preSolution
		Debug|Any CPU = Debug|Any CPU
		Release|Any CPU = Release|Any CPU
	EndGlobalSection
	GlobalSection(ProjectConfigurationPlatforms) = postSolution
		{0DF3EABA-2C33-4E77-B2DB-B6D23146EDAB}.Debug|Any CPU.ActiveCfg = Debug|Any CPU
		{0DF3EABA-2C33-4E77-B2DB-B6D23146EDAB}.Debug|Any CPU.Build.0 = Debug|Any CPU
		{0DF3EABA-2C33-4E77-B2DB-B6D23146EDAB}.Release|Any CPU.ActiveCfg = Release|Any CPU
		{0DF3EABA-2C33-4E77-B2DB-B6D23146EDAB}.Release|Any CPU.Build.0 = Release|Any CPU
		{297F0377-E0B0-48D7-83EE-C76E06BBA860}.Debug|Any CPU.ActiveCfg = Debug|Any CPU
		{297F0377-E0B0-48D7-83EE-C76E06BBA860}.Debug|Any CPU.Build.0 = Debug|Any CPU
		{297F0377-E0B0-48D7-83EE-C76E06BBA860}.Release|Any CPU.ActiveCfg = Release|Any CPU
		{297F0377-E0B0-48D7-83EE-C76E06BBA860}.Release|Any CPU.Build.0 = Release|Any CPU
	EndGlobalSection
	GlobalSection(SolutionProperties) = preSolution
		HideSolutionNode = FALSE
	EndGlobalSection
	GlobalSection(ExtensibilityGlobals) = postSolution
		SolutionGuid = {420F48C1-B701-452D-A91E-FB8019B402B3}
	EndGlobalSection
EndGlobal
